// !$*UTF8*$!
{
	archiveVersion = 1;
	classes = {
	};
	objectVersion = 48;
	objects = {

/* Begin PBXBuildFile section */
		ACDFCA531FC854AD00D49680 /* AppDelegate.swift in Sources */ = {isa = PBXBuildFile; fileRef = ACDFCA521FC854AD00D49680 /* AppDelegate.swift */; };
		ACDFCA551FC854AD00D49680 /* ViewController.swift in Sources */ = {isa = PBXBuildFile; fileRef = ACDFCA541FC854AD00D49680 /* ViewController.swift */; };
		ACDFCA581FC854AD00D49680 /* Main.storyboard in Resources */ = {isa = PBXBuildFile; fileRef = ACDFCA561FC854AD00D49680 /* Main.storyboard */; };
		ACDFCA5A1FC854AD00D49680 /* Assets.xcassets in Resources */ = {isa = PBXBuildFile; fileRef = ACDFCA591FC854AD00D49680 /* Assets.xcassets */; };
		ACDFCA5D1FC854AD00D49680 /* LaunchScreen.storyboard in Resources */ = {isa = PBXBuildFile; fileRef = ACDFCA5B1FC854AD00D49680 /* LaunchScreen.storyboard */; };
		ACDFCA681FC854AD00D49680 /* StopwatchTests.swift in Sources */ = {isa = PBXBuildFile; fileRef = ACDFCA671FC854AD00D49680 /* StopwatchTests.swift */; };
		ACDFCA731FC854AD00D49680 /* StopwatchUITests.swift in Sources */ = {isa = PBXBuildFile; fileRef = ACDFCA721FC854AD00D49680 /* StopwatchUITests.swift */; };
/* End PBXBuildFile section */

/* Begin PBXContainerItemProxy section */
		ACDFCA641FC854AD00D49680 /* PBXContainerItemProxy */ = {
			isa = PBXContainerItemProxy;
			containerPortal = ACDFCA471FC854AD00D49680 /* Project object */;
			proxyType = 1;
			remoteGlobalIDString = ACDFCA4E1FC854AD00D49680;
			remoteInfo = Stopwatch;
		};
		ACDFCA6F1FC854AD00D49680 /* PBXContainerItemProxy */ = {
			isa = PBXContainerItemProxy;
			containerPortal = ACDFCA471FC854AD00D49680 /* Project object */;
			proxyType = 1;
			remoteGlobalIDString = ACDFCA4E1FC854AD00D49680;
			remoteInfo = Stopwatch;
		};
/* End PBXContainerItemProxy section */

/* Begin PBXFileReference section */
		ACDFCA4F1FC854AD00D49680 /* Stopwatch.app */ = {isa = PBXFileReference; explicitFileType = wrapper.application; includeInIndex = 0; path = Stopwatch.app; sourceTree = BUILT_PRODUCTS_DIR; };
		ACDFCA521FC854AD00D49680 /* AppDelegate.swift */ = {isa = PBXFileReference; lastKnownFileType = sourcecode.swift; path = AppDelegate.swift; sourceTree = "<group>"; };
		ACDFCA541FC854AD00D49680 /* ViewController.swift */ = {isa = PBXFileReference; lastKnownFileType = sourcecode.swift; path = ViewController.swift; sourceTree = "<group>"; };
		ACDFCA571FC854AD00D49680 /* Base */ = {isa = PBXFileReference; lastKnownFileType = file.storyboard; name = Base; path = Base.lproj/Main.storyboard; sourceTree = "<group>"; };
		ACDFCA591FC854AD00D49680 /* Assets.xcassets */ = {isa = PBXFileReference; lastKnownFileType = folder.assetcatalog; path = Assets.xcassets; sourceTree = "<group>"; };
		ACDFCA5C1FC854AD00D49680 /* Base */ = {isa = PBXFileReference; lastKnownFileType = file.storyboard; name = Base; path = Base.lproj/LaunchScreen.storyboard; sourceTree = "<group>"; };
		ACDFCA5E1FC854AD00D49680 /* Info.plist */ = {isa = PBXFileReference; lastKnownFileType = text.plist.xml; path = Info.plist; sourceTree = "<group>"; };
		ACDFCA631FC854AD00D49680 /* StopwatchTests.xctest */ = {isa = PBXFileReference; explicitFileType = wrapper.cfbundle; includeInIndex = 0; path = StopwatchTests.xctest; sourceTree = BUILT_PRODUCTS_DIR; };
		ACDFCA671FC854AD00D49680 /* StopwatchTests.swift */ = {isa = PBXFileReference; lastKnownFileType = sourcecode.swift; path = StopwatchTests.swift; sourceTree = "<group>"; };
		ACDFCA691FC854AD00D49680 /* Info.plist */ = {isa = PBXFileReference; lastKnownFileType = text.plist.xml; path = Info.plist; sourceTree = "<group>"; };
		ACDFCA6E1FC854AD00D49680 /* StopwatchUITests.xctest */ = {isa = PBXFileReference; explicitFileType = wrapper.cfbundle; includeInIndex = 0; path = StopwatchUITests.xctest; sourceTree = BUILT_PRODUCTS_DIR; };
		ACDFCA721FC854AD00D49680 /* StopwatchUITests.swift */ = {isa = PBXFileReference; lastKnownFileType = sourcecode.swift; path = StopwatchUITests.swift; sourceTree = "<group>"; };
		ACDFCA741FC854AE00D49680 /* Info.plist */ = {isa = PBXFileReference; lastKnownFileType = text.plist.xml; path = Info.plist; sourceTree = "<group>"; };
/* End PBXFileReference section */

/* Begin PBXFrameworksBuildPhase section */
		ACDFCA4C1FC854AD00D49680 /* Frameworks */ = {
			isa = PBXFrameworksBuildPhase;
			buildActionMask = 2147483647;
			files = (
			);
			runOnlyForDeploymentPostprocessing = 0;
		};
		ACDFCA601FC854AD00D49680 /* Frameworks */ = {
			isa = PBXFrameworksBuildPhase;
			buildActionMask = 2147483647;
			files = (
			);
			runOnlyForDeploymentPostprocessing = 0;
		};
		ACDFCA6B1FC854AD00D49680 /* Frameworks */ = {
			isa = PBXFrameworksBuildPhase;
			buildActionMask = 2147483647;
			files = (
			);
			runOnlyForDeploymentPostprocessing = 0;
		};
/* End PBXFrameworksBuildPhase section */

/* Begin PBXGroup section */
		ACDFCA461FC854AD00D49680 = {
			isa = PBXGroup;
			children = (
				ACDFCA511FC854AD00D49680 /* Stopwatch */,
				ACDFCA661FC854AD00D49680 /* StopwatchTests */,
				ACDFCA711FC854AD00D49680 /* StopwatchUITests */,
				ACDFCA501FC854AD00D49680 /* Products */,
			);
			sourceTree = "<group>";
		};
		ACDFCA501FC854AD00D49680 /* Products */ = {
			isa = PBXGroup;
			children = (
				ACDFCA4F1FC854AD00D49680 /* Stopwatch.app */,
				ACDFCA631FC854AD00D49680 /* StopwatchTests.xctest */,
				ACDFCA6E1FC854AD00D49680 /* StopwatchUITests.xctest */,
			);
			name = Products;
			sourceTree = "<group>";
		};
		ACDFCA511FC854AD00D49680 /* Stopwatch */ = {
			isa = PBXGroup;
			children = (
				ACDFCA521FC854AD00D49680 /* AppDelegate.swift */,
				ACDFCA541FC854AD00D49680 /* ViewController.swift */,
				ACDFCA561FC854AD00D49680 /* Main.storyboard */,
				ACDFCA591FC854AD00D49680 /* Assets.xcassets */,
				ACDFCA5B1FC854AD00D49680 /* LaunchScreen.storyboard */,
				ACDFCA5E1FC854AD00D49680 /* Info.plist */,
			);
			path = Stopwatch;
			sourceTree = "<group>";
		};
		ACDFCA661FC854AD00D49680 /* StopwatchTests */ = {
			isa = PBXGroup;
			children = (
				ACDFCA671FC854AD00D49680 /* StopwatchTests.swift */,
				ACDFCA691FC854AD00D49680 /* Info.plist */,
			);
			path = StopwatchTests;
			sourceTree = "<group>";
		};
		ACDFCA711FC854AD00D49680 /* StopwatchUITests */ = {
			isa = PBXGroup;
			children = (
				ACDFCA721FC854AD00D49680 /* StopwatchUITests.swift */,
				ACDFCA741FC854AE00D49680 /* Info.plist */,
			);
			path = StopwatchUITests;
			sourceTree = "<group>";
		};
/* End PBXGroup section */

/* Begin PBXNativeTarget section */
		ACDFCA4E1FC854AD00D49680 /* Stopwatch */ = {
			isa = PBXNativeTarget;
			buildConfigurationList = ACDFCA771FC854AE00D49680 /* Build configuration list for PBXNativeTarget "Stopwatch" */;
			buildPhases = (
				ACDFCA4B1FC854AD00D49680 /* Sources */,
				ACDFCA4C1FC854AD00D49680 /* Frameworks */,
				ACDFCA4D1FC854AD00D49680 /* Resources */,
			);
			buildRules = (
			);
			dependencies = (
			);
			name = Stopwatch;
			productName = Stopwatch;
			productReference = ACDFCA4F1FC854AD00D49680 /* Stopwatch.app */;
			productType = "com.apple.product-type.application";
		};
		ACDFCA621FC854AD00D49680 /* StopwatchTests */ = {
			isa = PBXNativeTarget;
			buildConfigurationList = ACDFCA7A1FC854AE00D49680 /* Build configuration list for PBXNativeTarget "StopwatchTests" */;
			buildPhases = (
				ACDFCA5F1FC854AD00D49680 /* Sources */,
				ACDFCA601FC854AD00D49680 /* Frameworks */,
				ACDFCA611FC854AD00D49680 /* Resources */,
			);
			buildRules = (
			);
			dependencies = (
				ACDFCA651FC854AD00D49680 /* PBXTargetDependency */,
			);
			name = StopwatchTests;
			productName = StopwatchTests;
			productReference = ACDFCA631FC854AD00D49680 /* StopwatchTests.xctest */;
			productType = "com.apple.product-type.bundle.unit-test";
		};
		ACDFCA6D1FC854AD00D49680 /* StopwatchUITests */ = {
			isa = PBXNativeTarget;
			buildConfigurationList = ACDFCA7D1FC854AE00D49680 /* Build configuration list for PBXNativeTarget "StopwatchUITests" */;
			buildPhases = (
				ACDFCA6A1FC854AD00D49680 /* Sources */,
				ACDFCA6B1FC854AD00D49680 /* Frameworks */,
				ACDFCA6C1FC854AD00D49680 /* Resources */,
			);
			buildRules = (
			);
			dependencies = (
				ACDFCA701FC854AD00D49680 /* PBXTargetDependency */,
			);
			name = StopwatchUITests;
			productName = StopwatchUITests;
			productReference = ACDFCA6E1FC854AD00D49680 /* StopwatchUITests.xctest */;
			productType = "com.apple.product-type.bundle.ui-testing";
		};
/* End PBXNativeTarget section */

/* Begin PBXProject section */
		ACDFCA471FC854AD00D49680 /* Project object */ = {
			isa = PBXProject;
			attributes = {
				LastSwiftUpdateCheck = 0910;
				LastUpgradeCheck = 0910;
				ORGANIZATIONNAME = "Abi Sayuti";
				TargetAttributes = {
					ACDFCA4E1FC854AD00D49680 = {
						CreatedOnToolsVersion = 9.1;
						ProvisioningStyle = Automatic;
					};
					ACDFCA621FC854AD00D49680 = {
						CreatedOnToolsVersion = 9.1;
						ProvisioningStyle = Automatic;
						TestTargetID = ACDFCA4E1FC854AD00D49680;
					};
					ACDFCA6D1FC854AD00D49680 = {
						CreatedOnToolsVersion = 9.1;
						ProvisioningStyle = Automatic;
						TestTargetID = ACDFCA4E1FC854AD00D49680;
					};
				};
			};
			buildConfigurationList = ACDFCA4A1FC854AD00D49680 /* Build configuration list for PBXProject "Stopwatch" */;
			compatibilityVersion = "Xcode 8.0";
			developmentRegion = en;
			hasScannedForEncodings = 0;
			knownRegions = (
				en,
				Base,
			);
			mainGroup = ACDFCA461FC854AD00D49680;
			productRefGroup = ACDFCA501FC854AD00D49680 /* Products */;
			projectDirPath = "";
			projectRoot = "";
			targets = (
				ACDFCA4E1FC854AD00D49680 /* Stopwatch */,
				ACDFCA621FC854AD00D49680 /* StopwatchTests */,
				ACDFCA6D1FC854AD00D49680 /* StopwatchUITests */,
			);
		};
/* End PBXProject section */

/* Begin PBXResourcesBuildPhase section */
		ACDFCA4D1FC854AD00D49680 /* Resources */ = {
			isa = PBXResourcesBuildPhase;
			buildActionMask = 2147483647;
			files = (
				ACDFCA5D1FC854AD00D49680 /* LaunchScreen.storyboard in Resources */,
				ACDFCA5A1FC854AD00D49680 /* Assets.xcassets in Resources */,
				ACDFCA581FC854AD00D49680 /* Main.storyboard in Resources */,
			);
			runOnlyForDeploymentPostprocessing = 0;
		};
		ACDFCA611FC854AD00D49680 /* Resources */ = {
			isa = PBXResourcesBuildPhase;
			buildActionMask = 2147483647;
			files = (
			);
			runOnlyForDeploymentPostprocessing = 0;
		};
		ACDFCA6C1FC854AD00D49680 /* Resources */ = {
			isa = PBXResourcesBuildPhase;
			buildActionMask = 2147483647;
			files = (
			);
			runOnlyForDeploymentPostprocessing = 0;
		};
/* End PBXResourcesBuildPhase section */

/* Begin PBXSourcesBuildPhase section */
		ACDFCA4B1FC854AD00D49680 /* Sources */ = {
			isa = PBXSourcesBuildPhase;
			buildActionMask = 2147483647;
			files = (
				ACDFCA551FC854AD00D49680 /* ViewController.swift in Sources */,
				ACDFCA531FC854AD00D49680 /* AppDelegate.swift in Sources */,
			);
			runOnlyForDeploymentPostprocessing = 0;
		};
		ACDFCA5F1FC854AD00D49680 /* Sources */ = {
			isa = PBXSourcesBuildPhase;
			buildActionMask = 2147483647;
			files = (
				ACDFCA681FC854AD00D49680 /* StopwatchTests.swift in Sources */,
			);
			runOnlyForDeploymentPostprocessing = 0;
		};
		ACDFCA6A1FC854AD00D49680 /* Sources */ = {
			isa = PBXSourcesBuildPhase;
			buildActionMask = 2147483647;
			files = (
				ACDFCA731FC854AD00D49680 /* StopwatchUITests.swift in Sources */,
			);
			runOnlyForDeploymentPostprocessing = 0;
		};
/* End PBXSourcesBuildPhase section */

/* Begin PBXTargetDependency section */
		ACDFCA651FC854AD00D49680 /* PBXTargetDependency */ = {
			isa = PBXTargetDependency;
			target = ACDFCA4E1FC854AD00D49680 /* Stopwatch */;
			targetProxy = ACDFCA641FC854AD00D49680 /* PBXContainerItemProxy */;
		};
		ACDFCA701FC854AD00D49680 /* PBXTargetDependency */ = {
			isa = PBXTargetDependency;
			target = ACDFCA4E1FC854AD00D49680 /* Stopwatch */;
			targetProxy = ACDFCA6F1FC854AD00D49680 /* PBXContainerItemProxy */;
		};
/* End PBXTargetDependency section */

/* Begin PBXVariantGroup section */
		ACDFCA561FC854AD00D49680 /* Main.storyboard */ = {
			isa = PBXVariantGroup;
			children = (
				ACDFCA571FC854AD00D49680 /* Base */,
			);
			name = Main.storyboard;
			sourceTree = "<group>";
		};
		ACDFCA5B1FC854AD00D49680 /* LaunchScreen.storyboard */ = {
			isa = PBXVariantGroup;
			children = (
				ACDFCA5C1FC854AD00D49680 /* Base */,
			);
			name = LaunchScreen.storyboard;
			sourceTree = "<group>";
		};
/* End PBXVariantGroup section */

/* Begin XCBuildConfiguration section */
		ACDFCA751FC854AE00D49680 /* Debug */ = {
			isa = XCBuildConfiguration;
			buildSettings = {
				ALWAYS_SEARCH_USER_PATHS = NO;
				CLANG_ANALYZER_NONNULL = YES;
				CLANG_ANALYZER_NUMBER_OBJECT_CONVERSION = YES_AGGRESSIVE;
				CLANG_CXX_LANGUAGE_STANDARD = "gnu++14";
				CLANG_CXX_LIBRARY = "libc++";
				CLANG_ENABLE_MODULES = YES;
				CLANG_ENABLE_OBJC_ARC = YES;
				CLANG_WARN_BLOCK_CAPTURE_AUTORELEASING = YES;
				CLANG_WARN_BOOL_CONVERSION = YES;
				CLANG_WARN_COMMA = YES;
				CLANG_WARN_CONSTANT_CONVERSION = YES;
				CLANG_WARN_DIRECT_OBJC_ISA_USAGE = YES_ERROR;
				CLANG_WARN_DOCUMENTATION_COMMENTS = YES;
				CLANG_WARN_EMPTY_BODY = YES;
				CLANG_WARN_ENUM_CONVERSION = YES;
				CLANG_WARN_INFINITE_RECURSION = YES;
				CLANG_WARN_INT_CONVERSION = YES;
				CLANG_WARN_NON_LITERAL_NULL_CONVERSION = YES;
				CLANG_WARN_OBJC_LITERAL_CONVERSION = YES;
				CLANG_WARN_OBJC_ROOT_CLASS = YES_ERROR;
				CLANG_WARN_RANGE_LOOP_ANALYSIS = YES;
				CLANG_WARN_STRICT_PROTOTYPES = YES;
				CLANG_WARN_SUSPICIOUS_MOVE = YES;
				CLANG_WARN_UNGUARDED_AVAILABILITY = YES_AGGRESSIVE;
				CLANG_WARN_UNREACHABLE_CODE = YES;
				CLANG_WARN__DUPLICATE_METHOD_MATCH = YES;
				CODE_SIGN_IDENTITY = "iPhone Developer";
				COPY_PHASE_STRIP = NO;
				DEBUG_INFORMATION_FORMAT = dwarf;
				ENABLE_STRICT_OBJC_MSGSEND = YES;
				ENABLE_TESTABILITY = YES;
				GCC_C_LANGUAGE_STANDARD = gnu11;
				GCC_DYNAMIC_NO_PIC = NO;
				GCC_NO_COMMON_BLOCKS = YES;
				GCC_OPTIMIZATION_LEVEL = 0;
				GCC_PREPROCESSOR_DEFINITIONS = (
					"DEBUG=1",
					"$(inherited)",
				);
				GCC_WARN_64_TO_32_BIT_CONVERSION = YES;
				GCC_WARN_ABOUT_RETURN_TYPE = YES_ERROR;
				GCC_WARN_UNDECLARED_SELECTOR = YES;
				GCC_WARN_UNINITIALIZED_AUTOS = YES_AGGRESSIVE;
				GCC_WARN_UNUSED_FUNCTION = YES;
				GCC_WARN_UNUSED_VARIABLE = YES;
				IPHONEOS_DEPLOYMENT_TARGET = 11.1;
				MTL_ENABLE_DEBUG_INFO = YES;
				ONLY_ACTIVE_ARCH = YES;
				SDKROOT = iphoneos;
				SWIFT_ACTIVE_COMPILATION_CONDITIONS = DEBUG;
				SWIFT_OPTIMIZATION_LEVEL = "-Onone";
			};
			name = Debug;
		};
		ACDFCA761FC854AE00D49680 /* Release */ = {
			isa = XCBuildConfiguration;
			buildSettings = {
				ALWAYS_SEARCH_USER_PATHS = NO;
				CLANG_ANALYZER_NONNULL = YES;
				CLANG_ANALYZER_NUMBER_OBJECT_CONVERSION = YES_AGGRESSIVE;
				CLANG_CXX_LANGUAGE_STANDARD = "gnu++14";
				CLANG_CXX_LIBRARY = "libc++";
				CLANG_ENABLE_MODULES = YES;
				CLANG_ENABLE_OBJC_ARC = YES;
				CLANG_WARN_BLOCK_CAPTURE_AUTORELEASING = YES;
				CLANG_WARN_BOOL_CONVERSION = YES;
				CLANG_WARN_COMMA = YES;
				CLANG_WARN_CONSTANT_CONVERSION = YES;
				CLANG_WARN_DIRECT_OBJC_ISA_USAGE = YES_ERROR;
				CLANG_WARN_DOCUMENTATION_COMMENTS = YES;
				CLANG_WARN_EMPTY_BODY = YES;
				CLANG_WARN_ENUM_CONVERSION = YES;
				CLANG_WARN_INFINITE_RECURSION = YES;
				CLANG_WARN_INT_CONVERSION = YES;
				CLANG_WARN_NON_LITERAL_NULL_CONVERSION = YES;
				CLANG_WARN_OBJC_LITERAL_CONVERSION = YES;
				CLANG_WARN_OBJC_ROOT_CLASS = YES_ERROR;
				CLANG_WARN_RANGE_LOOP_ANALYSIS = YES;
				CLANG_WARN_STRICT_PROTOTYPES = YES;
				CLANG_WARN_SUSPICIOUS_MOVE = YES;
				CLANG_WARN_UNGUARDED_AVAILABILITY = YES_AGGRESSIVE;
				CLANG_WARN_UNREACHABLE_CODE = YES;
				CLANG_WARN__DUPLICATE_METHOD_MATCH = YES;
				CODE_SIGN_IDENTITY = "iPhone Developer";
				COPY_PHASE_STRIP = NO;
				DEBUG_INFORMATION_FORMAT = "dwarf-with-dsym";
				ENABLE_NS_ASSERTIONS = NO;
				ENABLE_STRICT_OBJC_MSGSEND = YES;
				GCC_C_LANGUAGE_STANDARD = gnu11;
				GCC_NO_COMMON_BLOCKS = YES;
				GCC_WARN_64_TO_32_BIT_CONVERSION = YES;
				GCC_WARN_ABOUT_RETURN_TYPE = YES_ERROR;
				GCC_WARN_UNDECLARED_SELECTOR = YES;
				GCC_WARN_UNINITIALIZED_AUTOS = YES_AGGRESSIVE;
				GCC_WARN_UNUSED_FUNCTION = YES;
				GCC_WARN_UNUSED_VARIABLE = YES;
				IPHONEOS_DEPLOYMENT_TARGET = 11.1;
				MTL_ENABLE_DEBUG_INFO = NO;
				SDKROOT = iphoneos;
				SWIFT_OPTIMIZATION_LEVEL = "-Owholemodule";
				VALIDATE_PRODUCT = YES;
			};
			name = Release;
		};
		ACDFCA781FC854AE00D49680 /* Debug */ = {
			isa = XCBuildConfiguration;
			buildSettings = {
				ASSETCATALOG_COMPILER_APPICON_NAME = AppIcon;
				CODE_SIGN_STYLE = Automatic;
				INFOPLIST_FILE = Stopwatch/Info.plist;
				LD_RUNPATH_SEARCH_PATHS = "$(inherited) @executable_path/Frameworks";
				PRODUCT_BUNDLE_IDENTIFIER = "ABI-SA.Stopwatch";
				PRODUCT_NAME = "$(TARGET_NAME)";
				SWIFT_VERSION = 4.0;
				TARGETED_DEVICE_FAMILY = "1,2";
			};
			name = Debug;
		};
		ACDFCA791FC854AE00D49680 /* Release */ = {
			isa = XCBuildConfiguration;
			buildSettings = {
				ASSETCATALOG_COMPILER_APPICON_NAME = AppIcon;
				CODE_SIGN_STYLE = Automatic;
				INFOPLIST_FILE = Stopwatch/Info.plist;
				LD_RUNPATH_SEARCH_PATHS = "$(inherited) @executable_path/Frameworks";
				PRODUCT_BUNDLE_IDENTIFIER = "ABI-SA.Stopwatch";
				PRODUCT_NAME = "$(TARGET_NAME)";
				SWIFT_VERSION = 4.0;
				TARGETED_DEVICE_FAMILY = "1,2";
			};
			name = Release;
		};
		ACDFCA7B1FC854AE00D49680 /* Debug */ = {
			isa = XCBuildConfiguration;
			buildSettings = {
				ALWAYS_EMBED_SWIFT_STANDARD_LIBRARIES = YES;
				BUNDLE_LOADER = "$(TEST_HOST)";
				CODE_SIGN_STYLE = Automatic;
				INFOPLIST_FILE = StopwatchTests/Info.plist;
				LD_RUNPATH_SEARCH_PATHS = "$(inherited) @executable_path/Frameworks @loader_path/Frameworks";
				PRODUCT_BUNDLE_IDENTIFIER = "ABI-SA.StopwatchTests";
				PRODUCT_NAME = "$(TARGET_NAME)";
				SWIFT_VERSION = 4.0;
				TARGETED_DEVICE_FAMILY = "1,2";
				TEST_HOST = "$(BUILT_PRODUCTS_DIR)/Stopwatch.app/Stopwatch";
			};
			name = Debug;
		};
		ACDFCA7C1FC854AE00D49680 /* Release */ = {
			isa = XCBuildConfiguration;
			buildSettings = {
				ALWAYS_EMBED_SWIFT_STANDARD_LIBRARIES = YES;
				BUNDLE_LOADER = "$(TEST_HOST)";
				CODE_SIGN_STYLE = Automatic;
				INFOPLIST_FILE = StopwatchTests/Info.plist;
				LD_RUNPATH_SEARCH_PATHS = "$(inherited) @executable_path/Frameworks @loader_path/Frameworks";
				PRODUCT_BUNDLE_IDENTIFIER = "ABI-SA.StopwatchTests";
				PRODUCT_NAME = "$(TARGET_NAME)";
				SWIFT_VERSION = 4.0;
				TARGETED_DEVICE_FAMILY = "1,2";
				TEST_HOST = "$(BUILT_PRODUCTS_DIR)/Stopwatch.app/Stopwatch";
			};
			name = Release;
		};
		ACDFCA7E1FC854AE00D49680 /* Debug */ = {
			isa = XCBuildConfiguration;
			buildSettings = {
				ALWAYS_EMBED_SWIFT_STANDARD_LIBRARIES = YES;
				CODE_SIGN_STYLE = Automatic;
				INFOPLIST_FILE = StopwatchUITests/Info.plist;
				LD_RUNPATH_SEARCH_PATHS = "$(inherited) @executable_path/Frameworks @loader_path/Frameworks";
				PRODUCT_BUNDLE_IDENTIFIER = "ABI-SA.StopwatchUITests";
				PRODUCT_NAME = "$(TARGET_NAME)";
				SWIFT_VERSION = 4.0;
				TARGETED_DEVICE_FAMILY = "1,2";
				TEST_TARGET_NAME = Stopwatch;
			};
			name = Debug;
		};
		ACDFCA7F1FC854AE00D49680 /* Release */ = {
			isa = XCBuildConfiguration;
			buildSettings = {
				ALWAYS_EMBED_SWIFT_STANDARD_LIBRARIES = YES;
				CODE_SIGN_STYLE = Automatic;
				INFOPLIST_FILE = StopwatchUITests/Info.plist;
				LD_RUNPATH_SEARCH_PATHS = "$(inherited) @executable_path/Frameworks @loader_path/Frameworks";
				PRODUCT_BUNDLE_IDENTIFIER = "ABI-SA.StopwatchUITests";
				PRODUCT_NAME = "$(TARGET_NAME)";
				SWIFT_VERSION = 4.0;
				TARGETED_DEVICE_FAMILY = "1,2";
				TEST_TARGET_NAME = Stopwatch;
			};
			name = Release;
		};
/* End XCBuildConfiguration section */

/* Begin XCConfigurationList section */
		ACDFCA4A1FC854AD00D49680 /* Build configuration list for PBXProject "Stopwatch" */ = {
			isa = XCConfigurationList;
			buildConfigurations = (
				ACDFCA751FC854AE00D49680 /* Debug */,
				ACDFCA761FC854AE00D49680 /* Release */,
			);
			defaultConfigurationIsVisible = 0;
			defaultConfigurationName = Release;
		};
		ACDFCA771FC854AE00D49680 /* Build configuration list for PBXNativeTarget "Stopwatch" */ = {
			isa = XCConfigurationList;
			buildConfigurations = (
				ACDFCA781FC854AE00D49680 /* Debug */,
				ACDFCA791FC854AE00D49680 /* Release */,
			);
			defaultConfigurationIsVisible = 0;
			defaultConfigurationName = Release;
		};
		ACDFCA7A1FC854AE00D49680 /* Build configuration list for PBXNativeTarget "StopwatchTests" */ = {
			isa = XCConfigurationList;
			buildConfigurations = (
				ACDFCA7B1FC854AE00D49680 /* Debug */,
				ACDFCA7C1FC854AE00D49680 /* Release */,
			);
			defaultConfigurationIsVisible = 0;
			defaultConfigurationName = Release;
		};
		ACDFCA7D1FC854AE00D49680 /* Build configuration list for PBXNativeTarget "StopwatchUITests" */ = {
			isa = XCConfigurationList;
			buildConfigurations = (
				ACDFCA7E1FC854AE00D49680 /* Debug */,
				ACDFCA7F1FC854AE00D49680 /* Release */,
			);
			defaultConfigurationIsVisible = 0;
			defaultConfigurationName = Release;
		};
/* End XCConfigurationList section */
	};
	rootObject = ACDFCA471FC854AD00D49680 /* Project object */;
}
